
Microsoft Visual Studio Solution File, Format Version 12.00
# Visual Studio Version 17
VisualStudioVersion = 17.5.002.0
MinimumVisualStudioVersion = 10.0.40219.1
Project("{9A19103F-16F7-4668-BE54-9A1E7A4F7556}") = "UsuariosApi", "UsuariosApi.csproj", "{4946DEB1-CD7F-45ED-BBC2-09D255B3717D}"
EndProject
Global
	GlobalSection(SolutionConfigurationPlatforms) = preSolution
		Debug|Any CPU = Debug|Any CPU
		Release|Any CPU = Release|Any CPU
	EndGlobalSection
	GlobalSection(ProjectConfigurationPlatforms) = postSolution
		{4946DEB1-CD7F-45ED-BBC2-09D255B3717D}.Debug|Any CPU.ActiveCfg = Debug|Any CPU
		{4946DEB1-CD7F-45ED-BBC2-09D255B3717D}.Debug|Any CPU.Build.0 = Debug|Any CPU
		{4946DEB1-CD7F-45ED-BBC2-09D255B3717D}.Release|Any CPU.ActiveCfg = Release|Any CPU
		{4946DEB1-CD7F-45ED-BBC2-09D255B3717D}.Release|Any CPU.Build.0 = Release|Any CPU
	EndGlobalSection
	GlobalSection(SolutionProperties) = preSolution
		HideSolutionNode = FALSE
	EndGlobalSection
	GlobalSection(ExtensibilityGlobals) = postSolution
		SolutionGuid = {126D45D2-C8AE-4A5D-8FFB-AA28C35E2318}
	EndGlobalSection
EndGlobal
